{
  "name": "biomassa.github.io",
  "lockfileVersion": 3,
  "requires": true,
  "packages": {
    "": {
      "dependencies": {
        "opencode-lmstudio": "^0.3.0"
      }
    },
    "node_modules/@opencode-ai/plugin": {
      "version": "1.3.2",
      "resolved": "https://registry.npmjs.org/@opencode-ai/plugin/-/plugin-1.3.2.tgz",
      "integrity": "sha512-eT0ZovMCOQlfTdAnfbEWgW343mJ9SHgEVfdiOSX1NMIVXac6hxE2xwUsRVTV3wLvfA6dKZhN800f8wLUEyPlyg==",
      "license": "MIT",
      "dependencies": {
        "@opencode-ai/sdk": "1.3.2",
        "zod": "4.1.8"
      }
    },
    "node_modules/@opencode-ai/sdk": {
      "version": "1.3.2",
      "resolved": "https://registry.npmjs.org/@opencode-ai/sdk/-/sdk-1.3.2.tgz",
      "integrity": "sha512-u7sXVKn0kyAA5vVVHuHQfq3+3UGWOU1Sh6d/e+aS4zO8AwriTSWNQ9r8Qy5yxBH+PoeOGl5WIVdp+s2Ea2zuAg==",
      "license": "MIT"
    },
    "node_modules/opencode-lmstudio": {
      "version": "0.3.0",
      "resolved": "https://registry.npmjs.org/opencode-lmstudio/-/opencode-lmstudio-0.3.0.tgz",
      "integrity": "sha512-02jMGle3NBU3DeXDFlLqAvqbhZuREPhLoHf4Tp1lA63ZILhCXICLUc1Fk0TwQbEg2VhgwvF1hG1PllfWBnOQ9A==",
      "license": "MIT",
      "dependencies": {
        "@opencode-ai/plugin": "^1.0.166"
      }
    },
    "node_modules/zod": {
      "version": "4.1.8",
      "resolved": "https://registry.npmjs.org/zod/-/zod-4.1.8.tgz",
      "integrity": "sha512-5R1P+WwQqmmMIEACyzSvo4JXHY5WiAFHRMg+zBZKgKS+Q1viRa0C1hmUKtHltoIFKtIdki3pRxkmpP74jnNYHQ==",
      "license": "MIT",
      "funding": {
        "url": "https://github.com/sponsors/colinhacks"
      }
    }
  }
}
